{
  "name": "website",
  "version": "1.0.3",
  "lockfileVersion": 2,
  "requires": true,
  "packages": {
    "": {
      "name": "website",
      "version": "1.0.3",
      "license": "ISC",
      "devDependencies": {
        "amphtml-validator": "^1.0.35"
      }
    },
    "node_modules/amphtml-validator": {
      "version": "1.0.35",
      "resolved": "https://registry.npmjs.org/amphtml-validator/-/amphtml-validator-1.0.35.tgz",
      "integrity": "sha512-C67JzC5EI6pE2C0sAo/zuCp8ARDl1Vtt6/s0nr+3NuXDNOdkjclZUkaNAd/ZnsEvvYodkXZ6T/uww890IQh9dQ==",
      "dev": true,
      "dependencies": {
        "colors": "1.4.0",
        "commander": "7.2.0",
        "promise": "8.1.0"
      },
      "bin": {
        "amphtml-validator": "cli.js"
      }
    },
    "node_modules/asap": {
      "version": "2.0.6",
      "resolved": "https://registry.npmjs.org/asap/-/asap-2.0.6.tgz",
      "integrity": "sha1-5QNHYR1+aQlDIIu9r+vLwvuGbUY=",
      "dev": true
    },
    "node_modules/colors": {
      "version": "1.4.0",
      "resolved": "https://registry.npmjs.org/colors/-/colors-1.4.0.tgz",
      "integrity": "sha512-a+UqTh4kgZg/SlGvfbzDHpgRu7AAQOmmqRHJnxhRZICKFUT91brVhNNt58CMWU9PsBbv3PDCZUHbVxuDiH2mtA==",
      "dev": true,
      "engines": {
        "node": ">=0.1.90"
      }
    },
    "node_modules/commander": {
      "version": "7.2.0",
      "resolved": "https://registry.npmjs.org/commander/-/commander-7.2.0.tgz",
      "integrity": "sha512-QrWXB+ZQSVPmIWIhtEO9H+gwHaMGYiF5ChvoJ+K9ZGHG/sVsa6yiesAD1GC/x46sET00Xlwo1u49RVVVzvcSkw==",
      "dev": true,
      "engines": {
        "node": ">= 10"
      }
    },
    "node_modules/promise": {
      "version": "8.1.0",
      "resolved": "https://registry.npmjs.org/promise/-/promise-8.1.0.tgz",
      "integrity": "sha512-W04AqnILOL/sPRXziNicCjSNRruLAuIHEOVBazepu0545DDNGYHz7ar9ZgZ1fMU8/MA4mVxp5rkBWRi6OXIy3Q==",
      "dev": true,
      "dependencies": {
        "asap": "~2.0.6"
      }
    }
  },
  "dependencies": {
    "amphtml-validator": {
      "version": "1.0.35",
      "resolved": "https://registry.npmjs.org/amphtml-validator/-/amphtml-validator-1.0.35.tgz",
      "integrity": "sha512-C67JzC5EI6pE2C0sAo/zuCp8ARDl1Vtt6/s0nr+3NuXDNOdkjclZUkaNAd/ZnsEvvYodkXZ6T/uww890IQh9dQ==",
      "dev": true,
      "requires": {
        "colors": "1.4.0",
        "commander": "7.2.0",
        "promise": "8.1.0"
      }
    },
    "asap": {
      "version": "2.0.6",
      "resolved": "https://registry.npmjs.org/asap/-/asap-2.0.6.tgz",
      "integrity": "sha1-5QNHYR1+aQlDIIu9r+vLwvuGbUY=",
      "dev": true
    },
    "colors": {
      "version": "1.4.0",
      "resolved": "https://registry.npmjs.org/colors/-/colors-1.4.0.tgz",
      "integrity": "sha512-a+UqTh4kgZg/SlGvfbzDHpgRu7AAQOmmqRHJnxhRZICKFUT91brVhNNt58CMWU9PsBbv3PDCZUHbVxuDiH2mtA==",
      "dev": true
    },
    "commander": {
      "version": "7.2.0",
      "resolved": "https://registry.npmjs.org/commander/-/commander-7.2.0.tgz",
      "integrity": "sha512-QrWXB+ZQSVPmIWIhtEO9H+gwHaMGYiF5ChvoJ+K9ZGHG/sVsa6yiesAD1GC/x46sET00Xlwo1u49RVVVzvcSkw==",
      "dev": true
    },
    "promise": {
      "version": "8.1.0",
      "resolved": "https://registry.npmjs.org/promise/-/promise-8.1.0.tgz",
      "integrity": "sha512-W04AqnILOL/sPRXziNicCjSNRruLAuIHEOVBazepu0545DDNGYHz7ar9ZgZ1fMU8/MA4mVxp5rkBWRi6OXIy3Q==",
      "dev": true,
      "requires": {
        "asap": "~2.0.6"
      }
    }
  }
}
